
Microsoft Visual Studio Solution File, Format Version 12.00
# Visual Studio Version 17
VisualStudioVersion = 17.9.34714.143
MinimumVisualStudioVersion = 10.0.40219.1
Project("{2150E333-8FDC-42A3-9474-1A3956D46DE8}") = "Services", "Services", "{160DB2BC-ABDC-4DD9-8ED0-28C84E89839C}"
EndProject
Project("{2150E333-8FDC-42A3-9474-1A3956D46DE8}") = "Catalog", "Catalog", "{BBEB89E0-9F7C-4CA6-B73C-2E4FD4B07262}"
EndProject
Project("{9A19103F-16F7-4668-BE54-9A1E7A4F7556}") = "MicroShop.Catalog", "Services\Catalog\MicroShop.Catalog\MicroShop.Catalog.csproj", "{D2CF83A8-35E7-463C-9C06-CCFB5EE79A02}"
EndProject
Project("{2150E333-8FDC-42A3-9474-1A3956D46DE8}") = "Discount", "Discount", "{B9F2B911-E2F0-40D0-AAE7-E737F442681E}"
EndProject
Project("{9A19103F-16F7-4668-BE54-9A1E7A4F7556}") = "MicroShop.Discount", "Services\Discount\MicroShop.Discount\MicroShop.Discount.csproj", "{9CB59AB7-9F7F-4DA0-AE05-A1983746A59F}"
EndProject
Project("{2150E333-8FDC-42A3-9474-1A3956D46DE8}") = "Order", "Order", "{60642C7F-3D2C-4509-A0D9-00FB10873BFE}"
EndProject
Project("{2150E333-8FDC-42A3-9474-1A3956D46DE8}") = "Core", "Core", "{C08E68AA-E8BF-407C-9A35-D4F31280D975}"
EndProject
Project("{2150E333-8FDC-42A3-9474-1A3956D46DE8}") = "Infrastructure", "Infrastructure", "{F4F45CA0-B0C2-497F-84BE-E128E925A962}"
EndProject
Project("{2150E333-8FDC-42A3-9474-1A3956D46DE8}") = "Presentation", "Presentation", "{AB8343A1-533F-452C-A269-187E7C536DEC}"
EndProject
Project("{9A19103F-16F7-4668-BE54-9A1E7A4F7556}") = "MicroShop.Order.Domain", "Services\Order\Core\MicroShop.Order.Domain\MicroShop.Order.Domain.csproj", "{8BE7B74D-FC5D-41A3-9AD7-6681639BEECF}"
EndProject
Project("{9A19103F-16F7-4668-BE54-9A1E7A4F7556}") = "MicroShop.Order.Application", "Services\Core\MicroShop.Order.Application\MicroShop.Order.Application.csproj", "{520E751E-BA8B-4705-A42A-8315F997F7E5}"
EndProject
Project("{9A19103F-16F7-4668-BE54-9A1E7A4F7556}") = "MicroShop.Order.Persistence", "Services\Order\Infrastructure\MicroShop.Order.Persistence\MicroShop.Order.Persistence.csproj", "{63748525-E7EA-4554-935B-3C88776B8387}"
EndProject
Project("{9A19103F-16F7-4668-BE54-9A1E7A4F7556}") = "MicroShop.Order.WebAPI", "Services\Order\Presentation\MicroShop.Order.WebAPI\MicroShop.Order.WebAPI.csproj", "{3B53D8BD-18B1-4108-98D0-5F705F732348}"
EndProject
Project("{2150E333-8FDC-42A3-9474-1A3956D46DE8}") = "IdentityServer", "IdentityServer", "{512149C0-3232-424A-ACB9-43547DC36F51}"
EndProject
Project("{2150E333-8FDC-42A3-9474-1A3956D46DE8}") = "Requirements", "Requirements", "{CE51AA93-C4DE-4A28-A489-609050303C95}"
	ProjectSection(SolutionItems) = preProject
		PortainerCmd.txt = PortainerCmd.txt
	EndProjectSection
EndProject
Project("{9A19103F-16F7-4668-BE54-9A1E7A4F7556}") = "MicroShop.IdentityServer", "IdentityServer\MicroShop.IdentityServer\MicroShop.IdentityServer.csproj", "{9BE1963C-EFFC-4EAE-8038-4C54367FC12E}"
EndProject
Project("{2150E333-8FDC-42A3-9474-1A3956D46DE8}") = "Cargo", "Cargo", "{4A895BD3-2369-4368-875F-EF5F3168F433}"
EndProject
Project("{FAE04EC0-301F-11D3-BF4B-00C04F79EFBC}") = "MicroShop.Cargo.EntityLayer", "Services\Cargo\MicroShop.Cargo.EntityLayer\MicroShop.Cargo.EntityLayer.csproj", "{D796E7D1-5587-4EEC-8664-0349A16D1FD2}"
EndProject
Project("{FAE04EC0-301F-11D3-BF4B-00C04F79EFBC}") = "MicroShop.Cargo.BusinessLayer", "Services\Cargo\MicroShop.Cargo.BusinessLayer\MicroShop.Cargo.BusinessLayer.csproj", "{EFC2C877-7A5A-44D5-8384-C661AE2C2D64}"
EndProject
Project("{FAE04EC0-301F-11D3-BF4B-00C04F79EFBC}") = "MicroShop.Cargo.DataAccessLayer", "Services\Cargo\MicroShop.Cargo.DataAccessLayer\MicroShop.Cargo.DataAccessLayer.csproj", "{D24C78F1-EB74-4C43-A866-07E4AEB80C48}"
EndProject
Project("{FAE04EC0-301F-11D3-BF4B-00C04F79EFBC}") = "MicroShop.Cargo.DTOLayer", "Services\Cargo\MicroShop.Cargo.DTOLayer\MicroShop.Cargo.DTOLayer.csproj", "{9B67E8C5-0855-44AE-BBCB-23B243A164E6}"
EndProject
Project("{FAE04EC0-301F-11D3-BF4B-00C04F79EFBC}") = "MicroShop.Cargo.WebApi", "Services\Cargo\MicroShop.Cargo.WebApi\MicroShop.Cargo.WebApi.csproj", "{F557526B-099E-4060-AEA2-6EB65D363E43}"
EndProject
Global
	GlobalSection(SolutionConfigurationPlatforms) = preSolution
		Debug|Any CPU = Debug|Any CPU
		Release|Any CPU = Release|Any CPU
	EndGlobalSection
	GlobalSection(ProjectConfigurationPlatforms) = postSolution
		{D2CF83A8-35E7-463C-9C06-CCFB5EE79A02}.Debug|Any CPU.ActiveCfg = Debug|Any CPU
		{D2CF83A8-35E7-463C-9C06-CCFB5EE79A02}.Debug|Any CPU.Build.0 = Debug|Any CPU
		{D2CF83A8-35E7-463C-9C06-CCFB5EE79A02}.Release|Any CPU.ActiveCfg = Release|Any CPU
		{D2CF83A8-35E7-463C-9C06-CCFB5EE79A02}.Release|Any CPU.Build.0 = Release|Any CPU
		{9CB59AB7-9F7F-4DA0-AE05-A1983746A59F}.Debug|Any CPU.ActiveCfg = Debug|Any CPU
		{9CB59AB7-9F7F-4DA0-AE05-A1983746A59F}.Debug|Any CPU.Build.0 = Debug|Any CPU
		{9CB59AB7-9F7F-4DA0-AE05-A1983746A59F}.Release|Any CPU.ActiveCfg = Release|Any CPU
		{9CB59AB7-9F7F-4DA0-AE05-A1983746A59F}.Release|Any CPU.Build.0 = Release|Any CPU
		{8BE7B74D-FC5D-41A3-9AD7-6681639BEECF}.Debug|Any CPU.ActiveCfg = Debug|Any CPU
		{8BE7B74D-FC5D-41A3-9AD7-6681639BEECF}.Debug|Any CPU.Build.0 = Debug|Any CPU
		{8BE7B74D-FC5D-41A3-9AD7-6681639BEECF}.Release|Any CPU.ActiveCfg = Release|Any CPU
		{8BE7B74D-FC5D-41A3-9AD7-6681639BEECF}.Release|Any CPU.Build.0 = Release|Any CPU
		{520E751E-BA8B-4705-A42A-8315F997F7E5}.Debug|Any CPU.ActiveCfg = Debug|Any CPU
		{520E751E-BA8B-4705-A42A-8315F997F7E5}.Debug|Any CPU.Build.0 = Debug|Any CPU
		{520E751E-BA8B-4705-A42A-8315F997F7E5}.Release|Any CPU.ActiveCfg = Release|Any CPU
		{520E751E-BA8B-4705-A42A-8315F997F7E5}.Release|Any CPU.Build.0 = Release|Any CPU
		{63748525-E7EA-4554-935B-3C88776B8387}.Debug|Any CPU.ActiveCfg = Debug|Any CPU
		{63748525-E7EA-4554-935B-3C88776B8387}.Debug|Any CPU.Build.0 = Debug|Any CPU
		{63748525-E7EA-4554-935B-3C88776B8387}.Release|Any CPU.ActiveCfg = Release|Any CPU
		{63748525-E7EA-4554-935B-3C88776B8387}.Release|Any CPU.Build.0 = Release|Any CPU
		{3B53D8BD-18B1-4108-98D0-5F705F732348}.Debug|Any CPU.ActiveCfg = Debug|Any CPU
		{3B53D8BD-18B1-4108-98D0-5F705F732348}.Debug|Any CPU.Build.0 = Debug|Any CPU
		{3B53D8BD-18B1-4108-98D0-5F705F732348}.Release|Any CPU.ActiveCfg = Release|Any CPU
		{3B53D8BD-18B1-4108-98D0-5F705F732348}.Release|Any CPU.Build.0 = Release|Any CPU
		{9BE1963C-EFFC-4EAE-8038-4C54367FC12E}.Debug|Any CPU.ActiveCfg = Debug|Any CPU
		{9BE1963C-EFFC-4EAE-8038-4C54367FC12E}.Debug|Any CPU.Build.0 = Debug|Any CPU
		{9BE1963C-EFFC-4EAE-8038-4C54367FC12E}.Release|Any CPU.ActiveCfg = Release|Any CPU
		{9BE1963C-EFFC-4EAE-8038-4C54367FC12E}.Release|Any CPU.Build.0 = Release|Any CPU
		{D796E7D1-5587-4EEC-8664-0349A16D1FD2}.Debug|Any CPU.ActiveCfg = Debug|Any CPU
		{D796E7D1-5587-4EEC-8664-0349A16D1FD2}.Debug|Any CPU.Build.0 = Debug|Any CPU
		{D796E7D1-5587-4EEC-8664-0349A16D1FD2}.Release|Any CPU.ActiveCfg = Release|Any CPU
		{D796E7D1-5587-4EEC-8664-0349A16D1FD2}.Release|Any CPU.Build.0 = Release|Any CPU
		{EFC2C877-7A5A-44D5-8384-C661AE2C2D64}.Debug|Any CPU.ActiveCfg = Debug|Any CPU
		{EFC2C877-7A5A-44D5-8384-C661AE2C2D64}.Debug|Any CPU.Build.0 = Debug|Any CPU
		{EFC2C877-7A5A-44D5-8384-C661AE2C2D64}.Release|Any CPU.ActiveCfg = Release|Any CPU
		{EFC2C877-7A5A-44D5-8384-C661AE2C2D64}.Release|Any CPU.Build.0 = Release|Any CPU
		{D24C78F1-EB74-4C43-A866-07E4AEB80C48}.Debug|Any CPU.ActiveCfg = Debug|Any CPU
		{D24C78F1-EB74-4C43-A866-07E4AEB80C48}.Debug|Any CPU.Build.0 = Debug|Any CPU
		{D24C78F1-EB74-4C43-A866-07E4AEB80C48}.Release|Any CPU.ActiveCfg = Release|Any CPU
		{D24C78F1-EB74-4C43-A866-07E4AEB80C48}.Release|Any CPU.Build.0 = Release|Any CPU
		{9B67E8C5-0855-44AE-BBCB-23B243A164E6}.Debug|Any CPU.ActiveCfg = Debug|Any CPU
		{9B67E8C5-0855-44AE-BBCB-23B243A164E6}.Debug|Any CPU.Build.0 = Debug|Any CPU
		{9B67E8C5-0855-44AE-BBCB-23B243A164E6}.Release|Any CPU.ActiveCfg = Release|Any CPU
		{9B67E8C5-0855-44AE-BBCB-23B243A164E6}.Release|Any CPU.Build.0 = Release|Any CPU
		{F557526B-099E-4060-AEA2-6EB65D363E43}.Debug|Any CPU.ActiveCfg = Debug|Any CPU
		{F557526B-099E-4060-AEA2-6EB65D363E43}.Debug|Any CPU.Build.0 = Debug|Any CPU
		{F557526B-099E-4060-AEA2-6EB65D363E43}.Release|Any CPU.ActiveCfg = Release|Any CPU
		{F557526B-099E-4060-AEA2-6EB65D363E43}.Release|Any CPU.Build.0 = Release|Any CPU
	EndGlobalSection
	GlobalSection(SolutionProperties) = preSolution
		HideSolutionNode = FALSE
	EndGlobalSection
	GlobalSection(NestedProjects) = preSolution
		{BBEB89E0-9F7C-4CA6-B73C-2E4FD4B07262} = {160DB2BC-ABDC-4DD9-8ED0-28C84E89839C}
		{D2CF83A8-35E7-463C-9C06-CCFB5EE79A02} = {BBEB89E0-9F7C-4CA6-B73C-2E4FD4B07262}
		{B9F2B911-E2F0-40D0-AAE7-E737F442681E} = {160DB2BC-ABDC-4DD9-8ED0-28C84E89839C}
		{9CB59AB7-9F7F-4DA0-AE05-A1983746A59F} = {B9F2B911-E2F0-40D0-AAE7-E737F442681E}
		{60642C7F-3D2C-4509-A0D9-00FB10873BFE} = {160DB2BC-ABDC-4DD9-8ED0-28C84E89839C}
		{C08E68AA-E8BF-407C-9A35-D4F31280D975} = {60642C7F-3D2C-4509-A0D9-00FB10873BFE}
		{F4F45CA0-B0C2-497F-84BE-E128E925A962} = {60642C7F-3D2C-4509-A0D9-00FB10873BFE}
		{AB8343A1-533F-452C-A269-187E7C536DEC} = {60642C7F-3D2C-4509-A0D9-00FB10873BFE}
		{8BE7B74D-FC5D-41A3-9AD7-6681639BEECF} = {C08E68AA-E8BF-407C-9A35-D4F31280D975}
		{520E751E-BA8B-4705-A42A-8315F997F7E5} = {C08E68AA-E8BF-407C-9A35-D4F31280D975}
		{63748525-E7EA-4554-935B-3C88776B8387} = {F4F45CA0-B0C2-497F-84BE-E128E925A962}
		{3B53D8BD-18B1-4108-98D0-5F705F732348} = {AB8343A1-533F-452C-A269-187E7C536DEC}
		{9BE1963C-EFFC-4EAE-8038-4C54367FC12E} = {512149C0-3232-424A-ACB9-43547DC36F51}
		{4A895BD3-2369-4368-875F-EF5F3168F433} = {160DB2BC-ABDC-4DD9-8ED0-28C84E89839C}
		{D796E7D1-5587-4EEC-8664-0349A16D1FD2} = {4A895BD3-2369-4368-875F-EF5F3168F433}
		{EFC2C877-7A5A-44D5-8384-C661AE2C2D64} = {4A895BD3-2369-4368-875F-EF5F3168F433}
		{D24C78F1-EB74-4C43-A866-07E4AEB80C48} = {4A895BD3-2369-4368-875F-EF5F3168F433}
		{9B67E8C5-0855-44AE-BBCB-23B243A164E6} = {4A895BD3-2369-4368-875F-EF5F3168F433}
		{F557526B-099E-4060-AEA2-6EB65D363E43} = {4A895BD3-2369-4368-875F-EF5F3168F433}
	EndGlobalSection
	GlobalSection(ExtensibilityGlobals) = postSolution
		SolutionGuid = {D11D2E1A-FE40-47F4-9EB1-671F3CC441FC}
	EndGlobalSection
EndGlobal
